
Microsoft Visual Studio Solution File, Format Version 12.00
# Visual Studio Version 17
VisualStudioVersion = 17.6.33815.320
MinimumVisualStudioVersion = 10.0.40219.1
Project("{FAE04EC0-301F-11D3-BF4B-00C04F79EFBC}") = "ConAssignment9", "ConAssignment9.csproj", "{05C7E90A-A55A-440D-BF27-9CEC1F354D03}"
EndProject
Global
	GlobalSection(SolutionConfigurationPlatforms) = preSolution
		Debug|Any CPU = Debug|Any CPU
		Release|Any CPU = Release|Any CPU
	EndGlobalSection
	GlobalSection(ProjectConfigurationPlatforms) = postSolution
		{05C7E90A-A55A-440D-BF27-9CEC1F354D03}.Debug|Any CPU.ActiveCfg = Debug|Any CPU
		{05C7E90A-A55A-440D-BF27-9CEC1F354D03}.Debug|Any CPU.Build.0 = Debug|Any CPU
		{05C7E90A-A55A-440D-BF27-9CEC1F354D03}.Release|Any CPU.ActiveCfg = Release|Any CPU
		{05C7E90A-A55A-440D-BF27-9CEC1F354D03}.Release|Any CPU.Build.0 = Release|Any CPU
	EndGlobalSection
	GlobalSection(SolutionProperties) = preSolution
		HideSolutionNode = FALSE
	EndGlobalSection
	GlobalSection(ExtensibilityGlobals) = postSolution
		SolutionGuid = {23FC2FD9-2911-421A-9E7A-BA4EB18EB13F}
	EndGlobalSection
EndGlobal
